
Microsoft Visual Studio Solution File, Format Version 12.00
# Visual Studio 15
VisualStudioVersion = 15.0.27004.2002
MinimumVisualStudioVersion = 10.0.40219.1
Project("{8BC9CEB8-8B4A-11D0-8D11-00A0C91BC942}") = "YAOLAW", "YAOLAW\YAOLAW.vcxproj", "{A6135118-886D-4DA1-BCCF-A6E4589AAC64}"
EndProject
Project("{2150E333-8FDC-42A3-9474-1A3956D46DE8}") = "Tests", "Tests", "{03323DF1-F9C8-4FD7-B709-784F68CFDF68}"
EndProject
Project("{8BC9CEB8-8B4A-11D0-8D11-00A0C91BC942}") = "MatrixTest", "MatrixTest\MatrixTest.vcxproj", "{4B129EC9-EF42-422C-ACB5-3447E811964E}"
EndProject
Project("{2150E333-8FDC-42A3-9474-1A3956D46DE8}") = "Examples", "Examples", "{FA29CD8E-467B-4E6E-884B-427AA5862F79}"
EndProject
Project("{8BC9CEB8-8B4A-11D0-8D11-00A0C91BC942}") = "MatrixExample", "MatrixExample\MatrixExample.vcxproj", "{F9095CD5-9491-4104-B2FA-070BD6FC9C9E}"
EndProject
Global
	GlobalSection(SolutionConfigurationPlatforms) = preSolution
		Debug|x64 = Debug|x64
		Debug|x86 = Debug|x86
		Release|x64 = Release|x64
		Release|x86 = Release|x86
	EndGlobalSection
	GlobalSection(ProjectConfigurationPlatforms) = postSolution
		{A6135118-886D-4DA1-BCCF-A6E4589AAC64}.Debug|x64.ActiveCfg = Debug|x64
		{A6135118-886D-4DA1-BCCF-A6E4589AAC64}.Debug|x64.Build.0 = Debug|x64
		{A6135118-886D-4DA1-BCCF-A6E4589AAC64}.Debug|x86.ActiveCfg = Debug|Win32
		{A6135118-886D-4DA1-BCCF-A6E4589AAC64}.Debug|x86.Build.0 = Debug|Win32
		{A6135118-886D-4DA1-BCCF-A6E4589AAC64}.Release|x64.ActiveCfg = Release|x64
		{A6135118-886D-4DA1-BCCF-A6E4589AAC64}.Release|x64.Build.0 = Release|x64
		{A6135118-886D-4DA1-BCCF-A6E4589AAC64}.Release|x86.ActiveCfg = Release|Win32
		{A6135118-886D-4DA1-BCCF-A6E4589AAC64}.Release|x86.Build.0 = Release|Win32
		{4B129EC9-EF42-422C-ACB5-3447E811964E}.Debug|x64.ActiveCfg = Debug|x64
		{4B129EC9-EF42-422C-ACB5-3447E811964E}.Debug|x64.Build.0 = Debug|x64
		{4B129EC9-EF42-422C-ACB5-3447E811964E}.Debug|x86.ActiveCfg = Debug|Win32
		{4B129EC9-EF42-422C-ACB5-3447E811964E}.Debug|x86.Build.0 = Debug|Win32
		{4B129EC9-EF42-422C-ACB5-3447E811964E}.Release|x64.ActiveCfg = Release|x64
		{4B129EC9-EF42-422C-ACB5-3447E811964E}.Release|x64.Build.0 = Release|x64
		{4B129EC9-EF42-422C-ACB5-3447E811964E}.Release|x86.ActiveCfg = Release|Win32
		{4B129EC9-EF42-422C-ACB5-3447E811964E}.Release|x86.Build.0 = Release|Win32
		{F9095CD5-9491-4104-B2FA-070BD6FC9C9E}.Debug|x64.ActiveCfg = Debug|x64
		{F9095CD5-9491-4104-B2FA-070BD6FC9C9E}.Debug|x64.Build.0 = Debug|x64
		{F9095CD5-9491-4104-B2FA-070BD6FC9C9E}.Debug|x86.ActiveCfg = Debug|Win32
		{F9095CD5-9491-4104-B2FA-070BD6FC9C9E}.Debug|x86.Build.0 = Debug|Win32
		{F9095CD5-9491-4104-B2FA-070BD6FC9C9E}.Release|x64.ActiveCfg = Release|x64
		{F9095CD5-9491-4104-B2FA-070BD6FC9C9E}.Release|x64.Build.0 = Release|x64
		{F9095CD5-9491-4104-B2FA-070BD6FC9C9E}.Release|x86.ActiveCfg = Release|Win32
		{F9095CD5-9491-4104-B2FA-070BD6FC9C9E}.Release|x86.Build.0 = Release|Win32
	EndGlobalSection
	GlobalSection(SolutionProperties) = preSolution
		HideSolutionNode = FALSE
	EndGlobalSection
	GlobalSection(NestedProjects) = preSolution
		{4B129EC9-EF42-422C-ACB5-3447E811964E} = {03323DF1-F9C8-4FD7-B709-784F68CFDF68}
		{F9095CD5-9491-4104-B2FA-070BD6FC9C9E} = {FA29CD8E-467B-4E6E-884B-427AA5862F79}
	EndGlobalSection
	GlobalSection(ExtensibilityGlobals) = postSolution
		SolutionGuid = {73EF01A9-0136-41F4-BB6E-C86262C37D1D}
	EndGlobalSection
EndGlobal
